{
  "version": "5",
  "specifiers": {
    "jsr:@std/internal@^1.0.14": "1.0.14",
    "jsr:@std/path@*": "1.1.6",
    "npm:@jsr/std__path@^1.1.6": "1.1.6",
    "npm:commander@15": "15.0.0",
    "npm:ky@^2.0.2": "2.0.2",
    "npm:p-queue@^9.3.3": "9.3.3"
  },
  "jsr": {
    "@std/internal@1.0.14": {
      "integrity": "291516b3d4c35024d6ffbc0a9df5bf4c64116e05b50012cf846710152d2ffdf7"
    },
    "@std/path@1.1.6": {
      "integrity": "c68485c2a4dfbb5ae3cc74fae4e8c4e5d874cf8a8ed12927917235c758b46cbe",
      "dependencies": [
        "jsr:@std/internal"
      ]
    }
  },
  "npm": {
    "@jsr/std__internal@1.0.14": {
      "integrity": "sha512-JT8b/t40WcR9q0GDwRZUooY7aXeXnFal8iidE/5TckdAFtvpVAsaJ71/Xgf1SfoChs41s6CZkuCYM8toaNgdvA==",
      "tarball": "https://npm.jsr.io/~/11/@jsr/std__internal/1.0.14.tgz"
    },
    "@jsr/std__path@1.1.6": {
      "integrity": "sha512-H1Cmg6z8jFyIsQbVV+vZB4eOx4k6Qg8lyUM6l7nZysj5MZumg89kb0M1bsPBTGQis3fw6mJFkJELo5+AK6oCFA==",
      "dependencies": [
        "@jsr/std__internal"
      ],
      "tarball": "https://npm.jsr.io/~/11/@jsr/std__path/1.1.6.tgz"
    },
    "commander@15.0.0": {
      "integrity": "sha512-z67u4ZhzCL/Tydu1lJARtEZYWbWaN7oYLHbsuzocr6y4N6WZAagG3RQ4FW61V1/0+jImpj293XfrcYnd1qxtPg=="
    },
    "eventemitter3@5.0.4": {
      "integrity": "sha512-mlsTRyGaPBjPedk6Bvw+aqbsXDtoAyAzm5MO7JgU+yVRyMQ5O8bD4Kcci7BS85f93veegeCPkL8R4GLClnjLFw=="
    },
    "ky@2.0.2": {
      "integrity": "sha512-/GmXpo9F9W+f8n4Ivr2iH+7h7wL7jLbLKWkMlpflcCRb6kGjBfTlASEXaZ9qUgNTn4VgS0P2pwxxzQ4EM6Ulgg=="
    },
    "p-queue@9.3.3": {
      "integrity": "sha512-NXAOdnEe5FsZJfT4oK84lE1Y5cFFdWlRuOo5tww8DyNMxyRXwn39fIkUtNLKppcPC+UYU/bXujNCUGDv01y7CA==",
      "dependencies": [
        "eventemitter3",
        "p-timeout"
      ]
    },
    "p-timeout@7.0.1": {
      "integrity": "sha512-AxTM2wDGORHGEkPCt8yqxOTMgpfbEHqF51f/5fJCmwFC3C/zNcGT63SymH2ttOAaiIws2zVg4+izQCjrakcwHg=="
    }
  },
  "workspace": {
    "packageJson": {
      "dependencies": [
        "npm:@jsr/std__path@^1.1.6",
        "npm:commander@15",
        "npm:ky@^2.0.2",
        "npm:p-queue@^9.3.3"
      ]
    }
  }
}
